{
  "name": "wtfdeployer",
  "version": "0.2.0",
  "lockfileVersion": 3,
  "requires": true,
  "packages": {
    "": {
      "name": "wtfdeployer",
      "version": "0.2.0",
      "license": "Apache-2.0",
      "dependencies": {
        "burnlotto": "^0.1.1"
      }
    },
    "node_modules/burnlotto": {
      "version": "0.1.1",
      "resolved": "https://registry.npmjs.org/burnlotto/-/burnlotto-0.1.1.tgz",
      "integrity": "sha512-HXVGBf/d49Dzvc/UQRMPRGjc06Ac75psOIooxKfH9KrI5BTcopFhIzZP6VucTU3aJYqaHkHzE62tvydw4Puhag=="
    }
  }
}
